// !$*UTF8*$!
{
	archiveVersion = 1;
	classes = {
	};
	objectVersion = 51;
	objects = {

/* Begin PBXBuildFile section */
		0BA6C179E34422D279FB8D3B /* Pods_RxSwiftSignInExample.framework in Frameworks */ = {isa = PBXBuildFile; fileRef = DC7060414331C8905581DEA6 /* Pods_RxSwiftSignInExample.framework */; };
		0EC56097EB5DBE855C349CCC /* Pods_RxSwiftSignInExampleTests.framework in Frameworks */ = {isa = PBXBuildFile; fileRef = D58FF392631AB6C57CBBF8CA /* Pods_RxSwiftSignInExampleTests.framework */; };
		5F7319E023B73F1300B09BDD /* AppDelegate.swift in Sources */ = {isa = PBXBuildFile; fileRef = 5F7319DF23B73F1300B09BDD /* AppDelegate.swift */; };
		5F7319E723B73F1300B09BDD /* Main.storyboard in Resources */ = {isa = PBXBuildFile; fileRef = 5F7319E523B73F1300B09BDD /* Main.storyboard */; };
		5F7319E923B73F1500B09BDD /* Assets.xcassets in Resources */ = {isa = PBXBuildFile; fileRef = 5F7319E823B73F1500B09BDD /* Assets.xcassets */; };
		5F7319EC23B73F1500B09BDD /* LaunchScreen.storyboard in Resources */ = {isa = PBXBuildFile; fileRef = 5F7319EA23B73F1500B09BDD /* LaunchScreen.storyboard */; };
		5F7319F723B73F1500B09BDD /* RxSwiftSignInExampleTests.swift in Sources */ = {isa = PBXBuildFile; fileRef = 5F7319F623B73F1500B09BDD /* RxSwiftSignInExampleTests.swift */; };
		5F731A0223B743FB00B09BDD /* GoogleService-Info.plist in Resources */ = {isa = PBXBuildFile; fileRef = 5F731A0123B743FB00B09BDD /* GoogleService-Info.plist */; };
		5F731A7A23B8222000B09BDD /* User.swift in Sources */ = {isa = PBXBuildFile; fileRef = 5F731A5123B8221F00B09BDD /* User.swift */; };
		5F731A7B23B8222000B09BDD /* Credentials.swift in Sources */ = {isa = PBXBuildFile; fileRef = 5F731A5223B8221F00B09BDD /* Credentials.swift */; };
		5F731A7C23B8222000B09BDD /* AuthServiceProtocol.swift in Sources */ = {isa = PBXBuildFile; fileRef = 5F731A5423B8221F00B09BDD /* AuthServiceProtocol.swift */; };
		5F731A7D23B8222000B09BDD /* FirebaseAuthService.swift in Sources */ = {isa = PBXBuildFile; fileRef = 5F731A5523B8221F00B09BDD /* FirebaseAuthService.swift */; };
		5F731A7E23B8222000B09BDD /* SignOutViewController.swift in Sources */ = {isa = PBXBuildFile; fileRef = 5F731A5723B8221F00B09BDD /* SignOutViewController.swift */; };
		5F731A7F23B8222000B09BDD /* FormInputCellViewModel.swift in Sources */ = {isa = PBXBuildFile; fileRef = 5F731A5823B8221F00B09BDD /* FormInputCellViewModel.swift */; };
		5F731A8023B8222000B09BDD /* ButtonCellViewModel.swift in Sources */ = {isa = PBXBuildFile; fileRef = 5F731A5923B8221F00B09BDD /* ButtonCellViewModel.swift */; };
		5F731A8123B8222000B09BDD /* ErrorMessagePresenter.swift in Sources */ = {isa = PBXBuildFile; fileRef = 5F731A5A23B8221F00B09BDD /* ErrorMessagePresenter.swift */; };
		5F731A8223B8222000B09BDD /* SignOutViewModel.swift in Sources */ = {isa = PBXBuildFile; fileRef = 5F731A5B23B8221F00B09BDD /* SignOutViewModel.swift */; };
		5F731A8323B8222000B09BDD /* SignInFormViewModel.swift in Sources */ = {isa = PBXBuildFile; fileRef = 5F731A5C23B8221F00B09BDD /* SignInFormViewModel.swift */; };
		5F731A8423B8222000B09BDD /* CreateAccountFormViewModel.swift in Sources */ = {isa = PBXBuildFile; fileRef = 5F731A5D23B8221F00B09BDD /* CreateAccountFormViewModel.swift */; };
		5F731A8523B8222000B09BDD /* FormViewController.swift in Sources */ = {isa = PBXBuildFile; fileRef = 5F731A5E23B8221F00B09BDD /* FormViewController.swift */; };
		5F731A8623B8222000B09BDD /* TextCellViewModel.swift in Sources */ = {isa = PBXBuildFile; fileRef = 5F731A5F23B8221F00B09BDD /* TextCellViewModel.swift */; };
		5F731A8723B8222000B09BDD /* FormView.swift in Sources */ = {isa = PBXBuildFile; fileRef = 5F731A6023B8221F00B09BDD /* FormView.swift */; };
		5F731A8823B8222000B09BDD /* TextCell.swift in Sources */ = {isa = PBXBuildFile; fileRef = 5F731A6123B8221F00B09BDD /* TextCell.swift */; };
		5F731A8923B8222000B09BDD /* ButtonCell.swift in Sources */ = {isa = PBXBuildFile; fileRef = 5F731A6223B8221F00B09BDD /* ButtonCell.swift */; };
		5F731A8A23B8222000B09BDD /* FormInputCell.swift in Sources */ = {isa = PBXBuildFile; fileRef = 5F731A6323B8221F00B09BDD /* FormInputCell.swift */; };
		5F731A8B23B8222000B09BDD /* LoadingRepresentable.swift in Sources */ = {isa = PBXBuildFile; fileRef = 5F731A6523B8221F00B09BDD /* LoadingRepresentable.swift */; };
		5F731A8C23B8222000B09BDD /* Configurable.swift in Sources */ = {isa = PBXBuildFile; fileRef = 5F731A6623B8221F00B09BDD /* Configurable.swift */; };
		5F731A8D23B8222000B09BDD /* TableViewRepresentable.swift in Sources */ = {isa = PBXBuildFile; fileRef = 5F731A6723B8221F00B09BDD /* TableViewRepresentable.swift */; };
		5F731A8E23B8222000B09BDD /* Drawable.swift in Sources */ = {isa = PBXBuildFile; fileRef = 5F731A6823B8221F00B09BDD /* Drawable.swift */; };
		5F731A8F23B8222000B09BDD /* CellRepresentable.swift in Sources */ = {isa = PBXBuildFile; fileRef = 5F731A6923B8221F00B09BDD /* CellRepresentable.swift */; };
		5F731A9023B8222000B09BDD /* LoadingView.swift in Sources */ = {isa = PBXBuildFile; fileRef = 5F731A6A23B8221F00B09BDD /* LoadingView.swift */; };
		5F731A9123B8222000B09BDD /* LoadingViewController.swift in Sources */ = {isa = PBXBuildFile; fileRef = 5F731A6B23B8221F00B09BDD /* LoadingViewController.swift */; };
		5F731A9223B8222000B09BDD /* TextValidator.swift in Sources */ = {isa = PBXBuildFile; fileRef = 5F731A6D23B8221F00B09BDD /* TextValidator.swift */; };
		5F731A9323B8222000B09BDD /* AppCoordinator.swift in Sources */ = {isa = PBXBuildFile; fileRef = 5F731A6F23B8221F00B09BDD /* AppCoordinator.swift */; };
		5F731A9423B8222000B09BDD /* AuthCoordinator.swift in Sources */ = {isa = PBXBuildFile; fileRef = 5F731A7023B8222000B09BDD /* AuthCoordinator.swift */; };
		5F731A9523B8222000B09BDD /* FadeIn.swift in Sources */ = {isa = PBXBuildFile; fileRef = 5F731A7123B8222000B09BDD /* FadeIn.swift */; };
		5F731A9623B8222000B09BDD /* Router.swift in Sources */ = {isa = PBXBuildFile; fileRef = 5F731A7223B8222000B09BDD /* Router.swift */; };
		5F731A9723B8222000B09BDD /* MainCoordinator.swift in Sources */ = {isa = PBXBuildFile; fileRef = 5F731A7323B8222000B09BDD /* MainCoordinator.swift */; };
		5F731A9823B8222000B09BDD /* RouterProtocol.swift in Sources */ = {isa = PBXBuildFile; fileRef = 5F731A7423B8222000B09BDD /* RouterProtocol.swift */; };
		5F731A9923B8222000B09BDD /* CoordinatorProtocol.swift in Sources */ = {isa = PBXBuildFile; fileRef = 5F731A7523B8222000B09BDD /* CoordinatorProtocol.swift */; };
		5F731A9A23B8222000B09BDD /* BaseCoordinator.swift in Sources */ = {isa = PBXBuildFile; fileRef = 5F731A7623B8222000B09BDD /* BaseCoordinator.swift */; };
		5F731A9B23B8222000B09BDD /* ObservableType+Extensions.swift in Sources */ = {isa = PBXBuildFile; fileRef = 5F731A7823B8222000B09BDD /* ObservableType+Extensions.swift */; };
		5F731A9C23B8222000B09BDD /* NSLayoutConstraint+Extensions.swift in Sources */ = {isa = PBXBuildFile; fileRef = 5F731A7923B8222000B09BDD /* NSLayoutConstraint+Extensions.swift */; };
/* End PBXBuildFile section */

/* Begin PBXContainerItemProxy section */
		5F7319F323B73F1500B09BDD /* PBXContainerItemProxy */ = {
			isa = PBXContainerItemProxy;
			containerPortal = 5F7319D423B73F1300B09BDD /* Project object */;
			proxyType = 1;
			remoteGlobalIDString = 5F7319DB23B73F1300B09BDD;
			remoteInfo = RxSwiftSignInExample;
		};
/* End PBXContainerItemProxy section */

/* Begin PBXFileReference section */
		167373ACA226814EBC8D8D70 /* Pods-RxSwiftSignInExampleTests.release.xcconfig */ = {isa = PBXFileReference; includeInIndex = 1; lastKnownFileType = text.xcconfig; name = "Pods-RxSwiftSignInExampleTests.release.xcconfig"; path = "Target Support Files/Pods-RxSwiftSignInExampleTests/Pods-RxSwiftSignInExampleTests.release.xcconfig"; sourceTree = "<group>"; };
		2BD71606EDCB9EE2808DF120 /* Pods-RxSwiftSignInExample.release.xcconfig */ = {isa = PBXFileReference; includeInIndex = 1; lastKnownFileType = text.xcconfig; name = "Pods-RxSwiftSignInExample.release.xcconfig"; path = "Target Support Files/Pods-RxSwiftSignInExample/Pods-RxSwiftSignInExample.release.xcconfig"; sourceTree = "<group>"; };
		5F7319DC23B73F1300B09BDD /* RxSwiftSignInExample.app */ = {isa = PBXFileReference; explicitFileType = wrapper.application; includeInIndex = 0; path = RxSwiftSignInExample.app; sourceTree = BUILT_PRODUCTS_DIR; };
		5F7319DF23B73F1300B09BDD /* AppDelegate.swift */ = {isa = PBXFileReference; lastKnownFileType = sourcecode.swift; path = AppDelegate.swift; sourceTree = "<group>"; };
		5F7319E623B73F1300B09BDD /* Base */ = {isa = PBXFileReference; lastKnownFileType = file.storyboard; name = Base; path = Base.lproj/Main.storyboard; sourceTree = "<group>"; };
		5F7319E823B73F1500B09BDD /* Assets.xcassets */ = {isa = PBXFileReference; lastKnownFileType = folder.assetcatalog; path = Assets.xcassets; sourceTree = "<group>"; };
		5F7319EB23B73F1500B09BDD /* Base */ = {isa = PBXFileReference; lastKnownFileType = file.storyboard; name = Base; path = Base.lproj/LaunchScreen.storyboard; sourceTree = "<group>"; };
		5F7319ED23B73F1500B09BDD /* Info.plist */ = {isa = PBXFileReference; lastKnownFileType = text.plist.xml; path = Info.plist; sourceTree = "<group>"; };
		5F7319F223B73F1500B09BDD /* RxSwiftSignInExampleTests.xctest */ = {isa = PBXFileReference; explicitFileType = wrapper.cfbundle; includeInIndex = 0; path = RxSwiftSignInExampleTests.xctest; sourceTree = BUILT_PRODUCTS_DIR; };
		5F7319F623B73F1500B09BDD /* RxSwiftSignInExampleTests.swift */ = {isa = PBXFileReference; lastKnownFileType = sourcecode.swift; path = RxSwiftSignInExampleTests.swift; sourceTree = "<group>"; };
		5F7319F823B73F1500B09BDD /* Info.plist */ = {isa = PBXFileReference; lastKnownFileType = text.plist.xml; path = Info.plist; sourceTree = "<group>"; };
		5F731A0123B743FB00B09BDD /* GoogleService-Info.plist */ = {isa = PBXFileReference; fileEncoding = 4; lastKnownFileType = text.plist.xml; path = "GoogleService-Info.plist"; sourceTree = "<group>"; };
		5F731A5123B8221F00B09BDD /* User.swift */ = {isa = PBXFileReference; fileEncoding = 4; lastKnownFileType = sourcecode.swift; path = User.swift; sourceTree = "<group>"; };
		5F731A5223B8221F00B09BDD /* Credentials.swift */ = {isa = PBXFileReference; fileEncoding = 4; lastKnownFileType = sourcecode.swift; path = Credentials.swift; sourceTree = "<group>"; };
		5F731A5423B8221F00B09BDD /* AuthServiceProtocol.swift */ = {isa = PBXFileReference; fileEncoding = 4; lastKnownFileType = sourcecode.swift; path = AuthServiceProtocol.swift; sourceTree = "<group>"; };
		5F731A5523B8221F00B09BDD /* FirebaseAuthService.swift */ = {isa = PBXFileReference; fileEncoding = 4; lastKnownFileType = sourcecode.swift; path = FirebaseAuthService.swift; sourceTree = "<group>"; };
		5F731A5723B8221F00B09BDD /* SignOutViewController.swift */ = {isa = PBXFileReference; fileEncoding = 4; lastKnownFileType = sourcecode.swift; path = SignOutViewController.swift; sourceTree = "<group>"; };
		5F731A5823B8221F00B09BDD /* FormInputCellViewModel.swift */ = {isa = PBXFileReference; fileEncoding = 4; lastKnownFileType = sourcecode.swift; path = FormInputCellViewModel.swift; sourceTree = "<group>"; };
		5F731A5923B8221F00B09BDD /* ButtonCellViewModel.swift */ = {isa = PBXFileReference; fileEncoding = 4; lastKnownFileType = sourcecode.swift; path = ButtonCellViewModel.swift; sourceTree = "<group>"; };
		5F731A5A23B8221F00B09BDD /* ErrorMessagePresenter.swift */ = {isa = PBXFileReference; fileEncoding = 4; lastKnownFileType = sourcecode.swift; path = ErrorMessagePresenter.swift; sourceTree = "<group>"; };
		5F731A5B23B8221F00B09BDD /* SignOutViewModel.swift */ = {isa = PBXFileReference; fileEncoding = 4; lastKnownFileType = sourcecode.swift; path = SignOutViewModel.swift; sourceTree = "<group>"; };
		5F731A5C23B8221F00B09BDD /* SignInFormViewModel.swift */ = {isa = PBXFileReference; fileEncoding = 4; lastKnownFileType = sourcecode.swift; path = SignInFormViewModel.swift; sourceTree = "<group>"; };
		5F731A5D23B8221F00B09BDD /* CreateAccountFormViewModel.swift */ = {isa = PBXFileReference; fileEncoding = 4; lastKnownFileType = sourcecode.swift; path = CreateAccountFormViewModel.swift; sourceTree = "<group>"; };
		5F731A5E23B8221F00B09BDD /* FormViewController.swift */ = {isa = PBXFileReference; fileEncoding = 4; lastKnownFileType = sourcecode.swift; path = FormViewController.swift; sourceTree = "<group>"; };
		5F731A5F23B8221F00B09BDD /* TextCellViewModel.swift */ = {isa = PBXFileReference; fileEncoding = 4; lastKnownFileType = sourcecode.swift; path = TextCellViewModel.swift; sourceTree = "<group>"; };
		5F731A6023B8221F00B09BDD /* FormView.swift */ = {isa = PBXFileReference; fileEncoding = 4; lastKnownFileType = sourcecode.swift; path = FormView.swift; sourceTree = "<group>"; };
		5F731A6123B8221F00B09BDD /* TextCell.swift */ = {isa = PBXFileReference; fileEncoding = 4; lastKnownFileType = sourcecode.swift; path = TextCell.swift; sourceTree = "<group>"; };
		5F731A6223B8221F00B09BDD /* ButtonCell.swift */ = {isa = PBXFileReference; fileEncoding = 4; lastKnownFileType = sourcecode.swift; path = ButtonCell.swift; sourceTree = "<group>"; };
		5F731A6323B8221F00B09BDD /* FormInputCell.swift */ = {isa = PBXFileReference; fileEncoding = 4; lastKnownFileType = sourcecode.swift; path = FormInputCell.swift; sourceTree = "<group>"; };
		5F731A6523B8221F00B09BDD /* LoadingRepresentable.swift */ = {isa = PBXFileReference; fileEncoding = 4; lastKnownFileType = sourcecode.swift; path = LoadingRepresentable.swift; sourceTree = "<group>"; };
		5F731A6623B8221F00B09BDD /* Configurable.swift */ = {isa = PBXFileReference; fileEncoding = 4; lastKnownFileType = sourcecode.swift; path = Configurable.swift; sourceTree = "<group>"; };
		5F731A6723B8221F00B09BDD /* TableViewRepresentable.swift */ = {isa = PBXFileReference; fileEncoding = 4; lastKnownFileType = sourcecode.swift; path = TableViewRepresentable.swift; sourceTree = "<group>"; };
		5F731A6823B8221F00B09BDD /* Drawable.swift */ = {isa = PBXFileReference; fileEncoding = 4; lastKnownFileType = sourcecode.swift; path = Drawable.swift; sourceTree = "<group>"; };
		5F731A6923B8221F00B09BDD /* CellRepresentable.swift */ = {isa = PBXFileReference; fileEncoding = 4; lastKnownFileType = sourcecode.swift; path = CellRepresentable.swift; sourceTree = "<group>"; };
		5F731A6A23B8221F00B09BDD /* LoadingView.swift */ = {isa = PBXFileReference; fileEncoding = 4; lastKnownFileType = sourcecode.swift; path = LoadingView.swift; sourceTree = "<group>"; };
		5F731A6B23B8221F00B09BDD /* LoadingViewController.swift */ = {isa = PBXFileReference; fileEncoding = 4; lastKnownFileType = sourcecode.swift; path = LoadingViewController.swift; sourceTree = "<group>"; };
		5F731A6D23B8221F00B09BDD /* TextValidator.swift */ = {isa = PBXFileReference; fileEncoding = 4; lastKnownFileType = sourcecode.swift; path = TextValidator.swift; sourceTree = "<group>"; };
		5F731A6F23B8221F00B09BDD /* AppCoordinator.swift */ = {isa = PBXFileReference; fileEncoding = 4; lastKnownFileType = sourcecode.swift; path = AppCoordinator.swift; sourceTree = "<group>"; };
		5F731A7023B8222000B09BDD /* AuthCoordinator.swift */ = {isa = PBXFileReference; fileEncoding = 4; lastKnownFileType = sourcecode.swift; path = AuthCoordinator.swift; sourceTree = "<group>"; };
		5F731A7123B8222000B09BDD /* FadeIn.swift */ = {isa = PBXFileReference; fileEncoding = 4; lastKnownFileType = sourcecode.swift; path = FadeIn.swift; sourceTree = "<group>"; };
		5F731A7223B8222000B09BDD /* Router.swift */ = {isa = PBXFileReference; fileEncoding = 4; lastKnownFileType = sourcecode.swift; path = Router.swift; sourceTree = "<group>"; };
		5F731A7323B8222000B09BDD /* MainCoordinator.swift */ = {isa = PBXFileReference; fileEncoding = 4; lastKnownFileType = sourcecode.swift; path = MainCoordinator.swift; sourceTree = "<group>"; };
		5F731A7423B8222000B09BDD /* RouterProtocol.swift */ = {isa = PBXFileReference; fileEncoding = 4; lastKnownFileType = sourcecode.swift; path = RouterProtocol.swift; sourceTree = "<group>"; };
		5F731A7523B8222000B09BDD /* CoordinatorProtocol.swift */ = {isa = PBXFileReference; fileEncoding = 4; lastKnownFileType = sourcecode.swift; path = CoordinatorProtocol.swift; sourceTree = "<group>"; };
		5F731A7623B8222000B09BDD /* BaseCoordinator.swift */ = {isa = PBXFileReference; fileEncoding = 4; lastKnownFileType = sourcecode.swift; path = BaseCoordinator.swift; sourceTree = "<group>"; };
		5F731A7823B8222000B09BDD /* ObservableType+Extensions.swift */ = {isa = PBXFileReference; fileEncoding = 4; lastKnownFileType = sourcecode.swift; path = "ObservableType+Extensions.swift"; sourceTree = "<group>"; };
		5F731A7923B8222000B09BDD /* NSLayoutConstraint+Extensions.swift */ = {isa = PBXFileReference; fileEncoding = 4; lastKnownFileType = sourcecode.swift; path = "NSLayoutConstraint+Extensions.swift"; sourceTree = "<group>"; };
		D58FF392631AB6C57CBBF8CA /* Pods_RxSwiftSignInExampleTests.framework */ = {isa = PBXFileReference; explicitFileType = wrapper.framework; includeInIndex = 0; path = Pods_RxSwiftSignInExampleTests.framework; sourceTree = BUILT_PRODUCTS_DIR; };
		DC7060414331C8905581DEA6 /* Pods_RxSwiftSignInExample.framework */ = {isa = PBXFileReference; explicitFileType = wrapper.framework; includeInIndex = 0; path = Pods_RxSwiftSignInExample.framework; sourceTree = BUILT_PRODUCTS_DIR; };
		F461C3E439E66DAC92338092 /* Pods-RxSwiftSignInExample.debug.xcconfig */ = {isa = PBXFileReference; includeInIndex = 1; lastKnownFileType = text.xcconfig; name = "Pods-RxSwiftSignInExample.debug.xcconfig"; path = "Target Support Files/Pods-RxSwiftSignInExample/Pods-RxSwiftSignInExample.debug.xcconfig"; sourceTree = "<group>"; };
		FC4BBF5FAAFC081601744DC8 /* Pods-RxSwiftSignInExampleTests.debug.xcconfig */ = {isa = PBXFileReference; includeInIndex = 1; lastKnownFileType = text.xcconfig; name = "Pods-RxSwiftSignInExampleTests.debug.xcconfig"; path = "Target Support Files/Pods-RxSwiftSignInExampleTests/Pods-RxSwiftSignInExampleTests.debug.xcconfig"; sourceTree = "<group>"; };
/* End PBXFileReference section */

/* Begin PBXFrameworksBuildPhase section */
		5F7319D923B73F1300B09BDD /* Frameworks */ = {
			isa = PBXFrameworksBuildPhase;
			buildActionMask = 2147483647;
			files = (
				0BA6C179E34422D279FB8D3B /* Pods_RxSwiftSignInExample.framework in Frameworks */,
			);
			runOnlyForDeploymentPostprocessing = 0;
		};
		5F7319EF23B73F1500B09BDD /* Frameworks */ = {
			isa = PBXFrameworksBuildPhase;
			buildActionMask = 2147483647;
			files = (
				0EC56097EB5DBE855C349CCC /* Pods_RxSwiftSignInExampleTests.framework in Frameworks */,
			);
			runOnlyForDeploymentPostprocessing = 0;
		};
/* End PBXFrameworksBuildPhase section */

/* Begin PBXGroup section */
		0A1DA0F256BC3938B0963411 /* Pods */ = {
			isa = PBXGroup;
			children = (
				F461C3E439E66DAC92338092 /* Pods-RxSwiftSignInExample.debug.xcconfig */,
				2BD71606EDCB9EE2808DF120 /* Pods-RxSwiftSignInExample.release.xcconfig */,
				FC4BBF5FAAFC081601744DC8 /* Pods-RxSwiftSignInExampleTests.debug.xcconfig */,
				167373ACA226814EBC8D8D70 /* Pods-RxSwiftSignInExampleTests.release.xcconfig */,
			);
			path = Pods;
			sourceTree = "<group>";
		};
		5F7319D323B73F1300B09BDD = {
			isa = PBXGroup;
			children = (
				5F7319DE23B73F1300B09BDD /* RxSwiftSignInExample */,
				5F7319F523B73F1500B09BDD /* RxSwiftSignInExampleTests */,
				5F7319DD23B73F1300B09BDD /* Products */,
				0A1DA0F256BC3938B0963411 /* Pods */,
				BB44D0CC12A09957F311A597 /* Frameworks */,
			);
			sourceTree = "<group>";
		};
		5F7319DD23B73F1300B09BDD /* Products */ = {
			isa = PBXGroup;
			children = (
				5F7319DC23B73F1300B09BDD /* RxSwiftSignInExample.app */,
				5F7319F223B73F1500B09BDD /* RxSwiftSignInExampleTests.xctest */,
			);
			name = Products;
			sourceTree = "<group>";
		};
		5F7319DE23B73F1300B09BDD /* RxSwiftSignInExample */ = {
			isa = PBXGroup;
			children = (
				5F731A7723B8222000B09BDD /* Extensions */,
				5F731A5023B8221F00B09BDD /* Models */,
				5F731A6E23B8221F00B09BDD /* Navigation */,
				5F731A5323B8221F00B09BDD /* Networking */,
				5F731A5623B8221F00B09BDD /* UI */,
				5F731A6C23B8221F00B09BDD /* Utilities */,
				5F7319DF23B73F1300B09BDD /* AppDelegate.swift */,
				5F7319E523B73F1300B09BDD /* Main.storyboard */,
				5F7319E823B73F1500B09BDD /* Assets.xcassets */,
				5F7319EA23B73F1500B09BDD /* LaunchScreen.storyboard */,
				5F7319ED23B73F1500B09BDD /* Info.plist */,
				5F731A0123B743FB00B09BDD /* GoogleService-Info.plist */,
			);
			path = RxSwiftSignInExample;
			sourceTree = "<group>";
		};
		5F7319F523B73F1500B09BDD /* RxSwiftSignInExampleTests */ = {
			isa = PBXGroup;
			children = (
				5F7319F623B73F1500B09BDD /* RxSwiftSignInExampleTests.swift */,
				5F7319F823B73F1500B09BDD /* Info.plist */,
			);
			path = RxSwiftSignInExampleTests;
			sourceTree = "<group>";
		};
		5F731A5023B8221F00B09BDD /* Models */ = {
			isa = PBXGroup;
			children = (
				5F731A5123B8221F00B09BDD /* User.swift */,
				5F731A5223B8221F00B09BDD /* Credentials.swift */,
			);
			path = Models;
			sourceTree = "<group>";
		};
		5F731A5323B8221F00B09BDD /* Networking */ = {
			isa = PBXGroup;
			children = (
				5F731A5423B8221F00B09BDD /* AuthServiceProtocol.swift */,
				5F731A5523B8221F00B09BDD /* FirebaseAuthService.swift */,
			);
			path = Networking;
			sourceTree = "<group>";
		};
		5F731A5623B8221F00B09BDD /* UI */ = {
			isa = PBXGroup;
			children = (
				5F731A5723B8221F00B09BDD /* SignOutViewController.swift */,
				5F731A5823B8221F00B09BDD /* FormInputCellViewModel.swift */,
				5F731A5923B8221F00B09BDD /* ButtonCellViewModel.swift */,
				5F731A5A23B8221F00B09BDD /* ErrorMessagePresenter.swift */,
				5F731A5B23B8221F00B09BDD /* SignOutViewModel.swift */,
				5F731A5C23B8221F00B09BDD /* SignInFormViewModel.swift */,
				5F731A5D23B8221F00B09BDD /* CreateAccountFormViewModel.swift */,
				5F731A5E23B8221F00B09BDD /* FormViewController.swift */,
				5F731A5F23B8221F00B09BDD /* TextCellViewModel.swift */,
				5F731A6023B8221F00B09BDD /* FormView.swift */,
				5F731A6123B8221F00B09BDD /* TextCell.swift */,
				5F731A6223B8221F00B09BDD /* ButtonCell.swift */,
				5F731A6323B8221F00B09BDD /* FormInputCell.swift */,
				5F731A6423B8221F00B09BDD /* Helpers */,
				5F731A6A23B8221F00B09BDD /* LoadingView.swift */,
				5F731A6B23B8221F00B09BDD /* LoadingViewController.swift */,
			);
			path = UI;
			sourceTree = "<group>";
		};
		5F731A6423B8221F00B09BDD /* Helpers */ = {
			isa = PBXGroup;
			children = (
				5F731A6523B8221F00B09BDD /* LoadingRepresentable.swift */,
				5F731A6623B8221F00B09BDD /* Configurable.swift */,
				5F731A6723B8221F00B09BDD /* TableViewRepresentable.swift */,
				5F731A6823B8221F00B09BDD /* Drawable.swift */,
				5F731A6923B8221F00B09BDD /* CellRepresentable.swift */,
			);
			path = Helpers;
			sourceTree = "<group>";
		};
		5F731A6C23B8221F00B09BDD /* Utilities */ = {
			isa = PBXGroup;
			children = (
				5F731A6D23B8221F00B09BDD /* TextValidator.swift */,
			);
			path = Utilities;
			sourceTree = "<group>";
		};
		5F731A6E23B8221F00B09BDD /* Navigation */ = {
			isa = PBXGroup;
			children = (
				5F731A6F23B8221F00B09BDD /* AppCoordinator.swift */,
				5F731A7023B8222000B09BDD /* AuthCoordinator.swift */,
				5F731A7123B8222000B09BDD /* FadeIn.swift */,
				5F731A7223B8222000B09BDD /* Router.swift */,
				5F731A7323B8222000B09BDD /* MainCoordinator.swift */,
				5F731A7423B8222000B09BDD /* RouterProtocol.swift */,
				5F731A7523B8222000B09BDD /* CoordinatorProtocol.swift */,
				5F731A7623B8222000B09BDD /* BaseCoordinator.swift */,
			);
			path = Navigation;
			sourceTree = "<group>";
		};
		5F731A7723B8222000B09BDD /* Extensions */ = {
			isa = PBXGroup;
			children = (
				5F731A7823B8222000B09BDD /* ObservableType+Extensions.swift */,
				5F731A7923B8222000B09BDD /* NSLayoutConstraint+Extensions.swift */,
			);
			path = Extensions;
			sourceTree = "<group>";
		};
		BB44D0CC12A09957F311A597 /* Frameworks */ = {
			isa = PBXGroup;
			children = (
				DC7060414331C8905581DEA6 /* Pods_RxSwiftSignInExample.framework */,
				D58FF392631AB6C57CBBF8CA /* Pods_RxSwiftSignInExampleTests.framework */,
			);
			name = Frameworks;
			sourceTree = "<group>";
		};
/* End PBXGroup section */

/* Begin PBXNativeTarget section */
		5F7319DB23B73F1300B09BDD /* RxSwiftSignInExample */ = {
			isa = PBXNativeTarget;
			buildConfigurationList = 5F7319FB23B73F1500B09BDD /* Build configuration list for PBXNativeTarget "RxSwiftSignInExample" */;
			buildPhases = (
				EC902C9F02DA2CF6EAB723B4 /* [CP] Check Pods Manifest.lock */,
				5F7319D823B73F1300B09BDD /* Sources */,
				5F7319D923B73F1300B09BDD /* Frameworks */,
				5F7319DA23B73F1300B09BDD /* Resources */,
				9356DE8E474972551920DF07 /* [CP] Embed Pods Frameworks */,
			);
			buildRules = (
			);
			dependencies = (
			);
			name = RxSwiftSignInExample;
			productName = RxSwiftSignInExample;
			productReference = 5F7319DC23B73F1300B09BDD /* RxSwiftSignInExample.app */;
			productType = "com.apple.product-type.application";
		};
		5F7319F123B73F1500B09BDD /* RxSwiftSignInExampleTests */ = {
			isa = PBXNativeTarget;
			buildConfigurationList = 5F7319FE23B73F1500B09BDD /* Build configuration list for PBXNativeTarget "RxSwiftSignInExampleTests" */;
			buildPhases = (
				7998812EABE4810863861F22 /* [CP] Check Pods Manifest.lock */,
				5F7319EE23B73F1500B09BDD /* Sources */,
				5F7319EF23B73F1500B09BDD /* Frameworks */,
				5F7319F023B73F1500B09BDD /* Resources */,
			);
			buildRules = (
			);
			dependencies = (
				5F7319F423B73F1500B09BDD /* PBXTargetDependency */,
			);
			name = RxSwiftSignInExampleTests;
			productName = RxSwiftSignInExampleTests;
			productReference = 5F7319F223B73F1500B09BDD /* RxSwiftSignInExampleTests.xctest */;
			productType = "com.apple.product-type.bundle.unit-test";
		};
/* End PBXNativeTarget section */

/* Begin PBXProject section */
		5F7319D423B73F1300B09BDD /* Project object */ = {
			isa = PBXProject;
			attributes = {
				LastSwiftUpdateCheck = 1130;
				LastUpgradeCheck = 1130;
				ORGANIZATIONNAME = "Edward Samson";
				TargetAttributes = {
					5F7319DB23B73F1300B09BDD = {
						CreatedOnToolsVersion = 11.3;
					};
					5F7319F123B73F1500B09BDD = {
						CreatedOnToolsVersion = 11.3;
						TestTargetID = 5F7319DB23B73F1300B09BDD;
					};
				};
			};
			buildConfigurationList = 5F7319D723B73F1300B09BDD /* Build configuration list for PBXProject "RxSwiftSignInExample" */;
			compatibilityVersion = "Xcode 9.3";
			developmentRegion = en;
			hasScannedForEncodings = 0;
			knownRegions = (
				en,
				Base,
			);
			mainGroup = 5F7319D323B73F1300B09BDD;
			productRefGroup = 5F7319DD23B73F1300B09BDD /* Products */;
			projectDirPath = "";
			projectRoot = "";
			targets = (
				5F7319DB23B73F1300B09BDD /* RxSwiftSignInExample */,
				5F7319F123B73F1500B09BDD /* RxSwiftSignInExampleTests */,
			);
		};
/* End PBXProject section */

/* Begin PBXResourcesBuildPhase section */
		5F7319DA23B73F1300B09BDD /* Resources */ = {
			isa = PBXResourcesBuildPhase;
			buildActionMask = 2147483647;
			files = (
				5F7319EC23B73F1500B09BDD /* LaunchScreen.storyboard in Resources */,
				5F731A0223B743FB00B09BDD /* GoogleService-Info.plist in Resources */,
				5F7319E923B73F1500B09BDD /* Assets.xcassets in Resources */,
				5F7319E723B73F1300B09BDD /* Main.storyboard in Resources */,
			);
			runOnlyForDeploymentPostprocessing = 0;
		};
		5F7319F023B73F1500B09BDD /* Resources */ = {
			isa = PBXResourcesBuildPhase;
			buildActionMask = 2147483647;
			files = (
			);
			runOnlyForDeploymentPostprocessing = 0;
		};
/* End PBXResourcesBuildPhase section */

/* Begin PBXShellScriptBuildPhase section */
		7998812EABE4810863861F22 /* [CP] Check Pods Manifest.lock */ = {
			isa = PBXShellScriptBuildPhase;
			buildActionMask = 2147483647;
			files = (
			);
			inputFileListPaths = (
			);
			inputPaths = (
				"${PODS_PODFILE_DIR_PATH}/Podfile.lock",
				"${PODS_ROOT}/Manifest.lock",
			);
			name = "[CP] Check Pods Manifest.lock";
			outputFileListPaths = (
			);
			outputPaths = (
				"$(DERIVED_FILE_DIR)/Pods-RxSwiftSignInExampleTests-checkManifestLockResult.txt",
			);
			runOnlyForDeploymentPostprocessing = 0;
			shellPath = /bin/sh;
			shellScript = "diff \"${PODS_PODFILE_DIR_PATH}/Podfile.lock\" \"${PODS_ROOT}/Manifest.lock\" > /dev/null\nif [ $? != 0 ] ; then\n    # print error to STDERR\n    echo \"error: The sandbox is not in sync with the Podfile.lock. Run 'pod install' or update your CocoaPods installation.\" >&2\n    exit 1\nfi\n# This output is used by Xcode 'outputs' to avoid re-running this script phase.\necho \"SUCCESS\" > \"${SCRIPT_OUTPUT_FILE_0}\"\n";
			showEnvVarsInLog = 0;
		};
		9356DE8E474972551920DF07 /* [CP] Embed Pods Frameworks */ = {
			isa = PBXShellScriptBuildPhase;
			buildActionMask = 2147483647;
			files = (
			);
			inputFileListPaths = (
				"${PODS_ROOT}/Target Support Files/Pods-RxSwiftSignInExample/Pods-RxSwiftSignInExample-frameworks-${CONFIGURATION}-input-files.xcfilelist",
			);
			name = "[CP] Embed Pods Frameworks";
			outputFileListPaths = (
				"${PODS_ROOT}/Target Support Files/Pods-RxSwiftSignInExample/Pods-RxSwiftSignInExample-frameworks-${CONFIGURATION}-output-files.xcfilelist",
			);
			runOnlyForDeploymentPostprocessing = 0;
			shellPath = /bin/sh;
			shellScript = "\"${PODS_ROOT}/Target Support Files/Pods-RxSwiftSignInExample/Pods-RxSwiftSignInExample-frameworks.sh\"\n";
			showEnvVarsInLog = 0;
		};
		EC902C9F02DA2CF6EAB723B4 /* [CP] Check Pods Manifest.lock */ = {
			isa = PBXShellScriptBuildPhase;
			buildActionMask = 2147483647;
			files = (
			);
			inputFileListPaths = (
			);
			inputPaths = (
				"${PODS_PODFILE_DIR_PATH}/Podfile.lock",
				"${PODS_ROOT}/Manifest.lock",
			);
			name = "[CP] Check Pods Manifest.lock";
			outputFileListPaths = (
			);
			outputPaths = (
				"$(DERIVED_FILE_DIR)/Pods-RxSwiftSignInExample-checkManifestLockResult.txt",
			);
			runOnlyForDeploymentPostprocessing = 0;
			shellPath = /bin/sh;
			shellScript = "diff \"${PODS_PODFILE_DIR_PATH}/Podfile.lock\" \"${PODS_ROOT}/Manifest.lock\" > /dev/null\nif [ $? != 0 ] ; then\n    # print error to STDERR\n    echo \"error: The sandbox is not in sync with the Podfile.lock. Run 'pod install' or update your CocoaPods installation.\" >&2\n    exit 1\nfi\n# This output is used by Xcode 'outputs' to avoid re-running this script phase.\necho \"SUCCESS\" > \"${SCRIPT_OUTPUT_FILE_0}\"\n";
			showEnvVarsInLog = 0;
		};
/* End PBXShellScriptBuildPhase section */

/* Begin PBXSourcesBuildPhase section */
		5F7319D823B73F1300B09BDD /* Sources */ = {
			isa = PBXSourcesBuildPhase;
			buildActionMask = 2147483647;
			files = (
				5F731A7D23B8222000B09BDD /* FirebaseAuthService.swift in Sources */,
				5F731A8623B8222000B09BDD /* TextCellViewModel.swift in Sources */,
				5F731A9823B8222000B09BDD /* RouterProtocol.swift in Sources */,
				5F731A7B23B8222000B09BDD /* Credentials.swift in Sources */,
				5F731A7C23B8222000B09BDD /* AuthServiceProtocol.swift in Sources */,
				5F731A7A23B8222000B09BDD /* User.swift in Sources */,
				5F731A9523B8222000B09BDD /* FadeIn.swift in Sources */,
				5F731A9023B8222000B09BDD /* LoadingView.swift in Sources */,
				5F731A9323B8222000B09BDD /* AppCoordinator.swift in Sources */,
				5F731A8423B8222000B09BDD /* CreateAccountFormViewModel.swift in Sources */,
				5F731A9123B8222000B09BDD /* LoadingViewController.swift in Sources */,
				5F731A8B23B8222000B09BDD /* LoadingRepresentable.swift in Sources */,
				5F731A8223B8222000B09BDD /* SignOutViewModel.swift in Sources */,
				5F731A9C23B8222000B09BDD /* NSLayoutConstraint+Extensions.swift in Sources */,
				5F731A8023B8222000B09BDD /* ButtonCellViewModel.swift in Sources */,
				5F731A8123B8222000B09BDD /* ErrorMessagePresenter.swift in Sources */,
				5F731A8C23B8222000B09BDD /* Configurable.swift in Sources */,
				5F731A7E23B8222000B09BDD /* SignOutViewController.swift in Sources */,
				5F731A9B23B8222000B09BDD /* ObservableType+Extensions.swift in Sources */,
				5F731A9923B8222000B09BDD /* CoordinatorProtocol.swift in Sources */,
				5F731A8323B8222000B09BDD /* SignInFormViewModel.swift in Sources */,
				5F731A8F23B8222000B09BDD /* CellRepresentable.swift in Sources */,
				5F7319E023B73F1300B09BDD /* AppDelegate.swift in Sources */,
				5F731A9423B8222000B09BDD /* AuthCoordinator.swift in Sources */,
				5F731A9723B8222000B09BDD /* MainCoordinator.swift in Sources */,
				5F731A9A23B8222000B09BDD /* BaseCoordinator.swift in Sources */,
				5F731A8723B8222000B09BDD /* FormView.swift in Sources */,
				5F731A8E23B8222000B09BDD /* Drawable.swift in Sources */,
				5F731A9623B8222000B09BDD /* Router.swift in Sources */,
				5F731A8923B8222000B09BDD /* ButtonCell.swift in Sources */,
				5F731A8A23B8222000B09BDD /* FormInputCell.swift in Sources */,
				5F731A7F23B8222000B09BDD /* FormInputCellViewModel.swift in Sources */,
				5F731A8D23B8222000B09BDD /* TableViewRepresentable.swift in Sources */,
				5F731A8823B8222000B09BDD /* TextCell.swift in Sources */,
				5F731A8523B8222000B09BDD /* FormViewController.swift in Sources */,
				5F731A9223B8222000B09BDD /* TextValidator.swift in Sources */,
			);
			runOnlyForDeploymentPostprocessing = 0;
		};
		5F7319EE23B73F1500B09BDD /* Sources */ = {
			isa = PBXSourcesBuildPhase;
			buildActionMask = 2147483647;
			files = (
				5F7319F723B73F1500B09BDD /* RxSwiftSignInExampleTests.swift in Sources */,
			);
			runOnlyForDeploymentPostprocessing = 0;
		};
/* End PBXSourcesBuildPhase section */

/* Begin PBXTargetDependency section */
		5F7319F423B73F1500B09BDD /* PBXTargetDependency */ = {
			isa = PBXTargetDependency;
			target = 5F7319DB23B73F1300B09BDD /* RxSwiftSignInExample */;
			targetProxy = 5F7319F323B73F1500B09BDD /* PBXContainerItemProxy */;
		};
/* End PBXTargetDependency section */

/* Begin PBXVariantGroup section */
		5F7319E523B73F1300B09BDD /* Main.storyboard */ = {
			isa = PBXVariantGroup;
			children = (
				5F7319E623B73F1300B09BDD /* Base */,
			);
			name = Main.storyboard;
			sourceTree = "<group>";
		};
		5F7319EA23B73F1500B09BDD /* LaunchScreen.storyboard */ = {
			isa = PBXVariantGroup;
			children = (
				5F7319EB23B73F1500B09BDD /* Base */,
			);
			name = LaunchScreen.storyboard;
			sourceTree = "<group>";
		};
/* End PBXVariantGroup section */

/* Begin XCBuildConfiguration section */
		5F7319F923B73F1500B09BDD /* Debug */ = {
			isa = XCBuildConfiguration;
			buildSettings = {
				ALWAYS_SEARCH_USER_PATHS = NO;
				CLANG_ANALYZER_NONNULL = YES;
				CLANG_ANALYZER_NUMBER_OBJECT_CONVERSION = YES_AGGRESSIVE;
				CLANG_CXX_LANGUAGE_STANDARD = "gnu++14";
				CLANG_CXX_LIBRARY = "libc++";
				CLANG_ENABLE_MODULES = YES;
				CLANG_ENABLE_OBJC_ARC = YES;
				CLANG_ENABLE_OBJC_WEAK = YES;
				CLANG_WARN_BLOCK_CAPTURE_AUTORELEASING = YES;
				CLANG_WARN_BOOL_CONVERSION = YES;
				CLANG_WARN_COMMA = YES;
				CLANG_WARN_CONSTANT_CONVERSION = YES;
				CLANG_WARN_DEPRECATED_OBJC_IMPLEMENTATIONS = YES;
				CLANG_WARN_DIRECT_OBJC_ISA_USAGE = YES_ERROR;
				CLANG_WARN_DOCUMENTATION_COMMENTS = YES;
				CLANG_WARN_EMPTY_BODY = YES;
				CLANG_WARN_ENUM_CONVERSION = YES;
				CLANG_WARN_INFINITE_RECURSION = YES;
				CLANG_WARN_INT_CONVERSION = YES;
				CLANG_WARN_NON_LITERAL_NULL_CONVERSION = YES;
				CLANG_WARN_OBJC_IMPLICIT_RETAIN_SELF = YES;
				CLANG_WARN_OBJC_LITERAL_CONVERSION = YES;
				CLANG_WARN_OBJC_ROOT_CLASS = YES_ERROR;
				CLANG_WARN_RANGE_LOOP_ANALYSIS = YES;
				CLANG_WARN_STRICT_PROTOTYPES = YES;
				CLANG_WARN_SUSPICIOUS_MOVE = YES;
				CLANG_WARN_UNGUARDED_AVAILABILITY = YES_AGGRESSIVE;
				CLANG_WARN_UNREACHABLE_CODE = YES;
				CLANG_WARN__DUPLICATE_METHOD_MATCH = YES;
				COPY_PHASE_STRIP = NO;
				DEBUG_INFORMATION_FORMAT = dwarf;
				ENABLE_STRICT_OBJC_MSGSEND = YES;
				ENABLE_TESTABILITY = YES;
				GCC_C_LANGUAGE_STANDARD = gnu11;
				GCC_DYNAMIC_NO_PIC = NO;
				GCC_NO_COMMON_BLOCKS = YES;
				GCC_OPTIMIZATION_LEVEL = 0;
				GCC_PREPROCESSOR_DEFINITIONS = (
					"DEBUG=1",
					"$(inherited)",
				);
				GCC_WARN_64_TO_32_BIT_CONVERSION = YES;
				GCC_WARN_ABOUT_RETURN_TYPE = YES_ERROR;
				GCC_WARN_UNDECLARED_SELECTOR = YES;
				GCC_WARN_UNINITIALIZED_AUTOS = YES_AGGRESSIVE;
				GCC_WARN_UNUSED_FUNCTION = YES;
				GCC_WARN_UNUSED_VARIABLE = YES;
				IPHONEOS_DEPLOYMENT_TARGET = 12.0;
				MTL_ENABLE_DEBUG_INFO = INCLUDE_SOURCE;
				MTL_FAST_MATH = YES;
				ONLY_ACTIVE_ARCH = YES;
				SDKROOT = iphoneos;
				SWIFT_ACTIVE_COMPILATION_CONDITIONS = DEBUG;
				SWIFT_OPTIMIZATION_LEVEL = "-Onone";
			};
			name = Debug;
		};
		5F7319FA23B73F1500B09BDD /* Release */ = {
			isa = XCBuildConfiguration;
			buildSettings = {
				ALWAYS_SEARCH_USER_PATHS = NO;
				CLANG_ANALYZER_NONNULL = YES;
				CLANG_ANALYZER_NUMBER_OBJECT_CONVERSION = YES_AGGRESSIVE;
				CLANG_CXX_LANGUAGE_STANDARD = "gnu++14";
				CLANG_CXX_LIBRARY = "libc++";
				CLANG_ENABLE_MODULES = YES;
				CLANG_ENABLE_OBJC_ARC = YES;
				CLANG_ENABLE_OBJC_WEAK = YES;
				CLANG_WARN_BLOCK_CAPTURE_AUTORELEASING = YES;
				CLANG_WARN_BOOL_CONVERSION = YES;
				CLANG_WARN_COMMA = YES;
				CLANG_WARN_CONSTANT_CONVERSION = YES;
				CLANG_WARN_DEPRECATED_OBJC_IMPLEMENTATIONS = YES;
				CLANG_WARN_DIRECT_OBJC_ISA_USAGE = YES_ERROR;
				CLANG_WARN_DOCUMENTATION_COMMENTS = YES;
				CLANG_WARN_EMPTY_BODY = YES;
				CLANG_WARN_ENUM_CONVERSION = YES;
				CLANG_WARN_INFINITE_RECURSION = YES;
				CLANG_WARN_INT_CONVERSION = YES;
				CLANG_WARN_NON_LITERAL_NULL_CONVERSION = YES;
				CLANG_WARN_OBJC_IMPLICIT_RETAIN_SELF = YES;
				CLANG_WARN_OBJC_LITERAL_CONVERSION = YES;
				CLANG_WARN_OBJC_ROOT_CLASS = YES_ERROR;
				CLANG_WARN_RANGE_LOOP_ANALYSIS = YES;
				CLANG_WARN_STRICT_PROTOTYPES = YES;
				CLANG_WARN_SUSPICIOUS_MOVE = YES;
				CLANG_WARN_UNGUARDED_AVAILABILITY = YES_AGGRESSIVE;
				CLANG_WARN_UNREACHABLE_CODE = YES;
				CLANG_WARN__DUPLICATE_METHOD_MATCH = YES;
				COPY_PHASE_STRIP = NO;
				DEBUG_INFORMATION_FORMAT = "dwarf-with-dsym";
				ENABLE_NS_ASSERTIONS = NO;
				ENABLE_STRICT_OBJC_MSGSEND = YES;
				GCC_C_LANGUAGE_STANDARD = gnu11;
				GCC_NO_COMMON_BLOCKS = YES;
				GCC_WARN_64_TO_32_BIT_CONVERSION = YES;
				GCC_WARN_ABOUT_RETURN_TYPE = YES_ERROR;
				GCC_WARN_UNDECLARED_SELECTOR = YES;
				GCC_WARN_UNINITIALIZED_AUTOS = YES_AGGRESSIVE;
				GCC_WARN_UNUSED_FUNCTION = YES;
				GCC_WARN_UNUSED_VARIABLE = YES;
				IPHONEOS_DEPLOYMENT_TARGET = 12.0;
				MTL_ENABLE_DEBUG_INFO = NO;
				MTL_FAST_MATH = YES;
				SDKROOT = iphoneos;
				SWIFT_COMPILATION_MODE = wholemodule;
				SWIFT_OPTIMIZATION_LEVEL = "-O";
				VALIDATE_PRODUCT = YES;
			};
			name = Release;
		};
		5F7319FC23B73F1500B09BDD /* Debug */ = {
			isa = XCBuildConfiguration;
			baseConfigurationReference = F461C3E439E66DAC92338092 /* Pods-RxSwiftSignInExample.debug.xcconfig */;
			buildSettings = {
				ASSETCATALOG_COMPILER_APPICON_NAME = AppIcon;
				CODE_SIGN_STYLE = Automatic;
				DEVELOPMENT_TEAM = KBN4UJJ564;
				INFOPLIST_FILE = RxSwiftSignInExample/Info.plist;
				LD_RUNPATH_SEARCH_PATHS = (
					"$(inherited)",
					"@executable_path/Frameworks",
				);
				PRODUCT_BUNDLE_IDENTIFIER = com.SamsonLLC.RxSwiftSignInExample;
				PRODUCT_NAME = "$(TARGET_NAME)";
				SWIFT_VERSION = 5.0;
				TARGETED_DEVICE_FAMILY = "1,2";
			};
			name = Debug;
		};
		5F7319FD23B73F1500B09BDD /* Release */ = {
			isa = XCBuildConfiguration;
			baseConfigurationReference = 2BD71606EDCB9EE2808DF120 /* Pods-RxSwiftSignInExample.release.xcconfig */;
			buildSettings = {
				ASSETCATALOG_COMPILER_APPICON_NAME = AppIcon;
				CODE_SIGN_STYLE = Automatic;
				DEVELOPMENT_TEAM = KBN4UJJ564;
				INFOPLIST_FILE = RxSwiftSignInExample/Info.plist;
				LD_RUNPATH_SEARCH_PATHS = (
					"$(inherited)",
					"@executable_path/Frameworks",
				);
				PRODUCT_BUNDLE_IDENTIFIER = com.SamsonLLC.RxSwiftSignInExample;
				PRODUCT_NAME = "$(TARGET_NAME)";
				SWIFT_VERSION = 5.0;
				TARGETED_DEVICE_FAMILY = "1,2";
			};
			name = Release;
		};
		5F7319FF23B73F1500B09BDD /* Debug */ = {
			isa = XCBuildConfiguration;
			baseConfigurationReference = FC4BBF5FAAFC081601744DC8 /* Pods-RxSwiftSignInExampleTests.debug.xcconfig */;
			buildSettings = {
				ALWAYS_EMBED_SWIFT_STANDARD_LIBRARIES = YES;
				BUNDLE_LOADER = "$(TEST_HOST)";
				CODE_SIGN_STYLE = Automatic;
				DEVELOPMENT_TEAM = KBN4UJJ564;
				INFOPLIST_FILE = RxSwiftSignInExampleTests/Info.plist;
				IPHONEOS_DEPLOYMENT_TARGET = 13.2;
				LD_RUNPATH_SEARCH_PATHS = (
					"$(inherited)",
					"@executable_path/Frameworks",
					"@loader_path/Frameworks",
				);
				PRODUCT_BUNDLE_IDENTIFIER = com.SamsonLLC.RxSwiftSignInExampleTests;
				PRODUCT_NAME = "$(TARGET_NAME)";
				SWIFT_VERSION = 5.0;
				TARGETED_DEVICE_FAMILY = "1,2";
				TEST_HOST = "$(BUILT_PRODUCTS_DIR)/RxSwiftSignInExample.app/RxSwiftSignInExample";
			};
			name = Debug;
		};
		5F731A0023B73F1500B09BDD /* Release */ = {
			isa = XCBuildConfiguration;
			baseConfigurationReference = 167373ACA226814EBC8D8D70 /* Pods-RxSwiftSignInExampleTests.release.xcconfig */;
			buildSettings = {
				ALWAYS_EMBED_SWIFT_STANDARD_LIBRARIES = YES;
				BUNDLE_LOADER = "$(TEST_HOST)";
				CODE_SIGN_STYLE = Automatic;
				DEVELOPMENT_TEAM = KBN4UJJ564;
				INFOPLIST_FILE = RxSwiftSignInExampleTests/Info.plist;
				IPHONEOS_DEPLOYMENT_TARGET = 13.2;
				LD_RUNPATH_SEARCH_PATHS = (
					"$(inherited)",
					"@executable_path/Frameworks",
					"@loader_path/Frameworks",
				);
				PRODUCT_BUNDLE_IDENTIFIER = com.SamsonLLC.RxSwiftSignInExampleTests;
				PRODUCT_NAME = "$(TARGET_NAME)";
				SWIFT_VERSION = 5.0;
				TARGETED_DEVICE_FAMILY = "1,2";
				TEST_HOST = "$(BUILT_PRODUCTS_DIR)/RxSwiftSignInExample.app/RxSwiftSignInExample";
			};
			name = Release;
		};
/* End XCBuildConfiguration section */

/* Begin XCConfigurationList section */
		5F7319D723B73F1300B09BDD /* Build configuration list for PBXProject "RxSwiftSignInExample" */ = {
			isa = XCConfigurationList;
			buildConfigurations = (
				5F7319F923B73F1500B09BDD /* Debug */,
				5F7319FA23B73F1500B09BDD /* Release */,
			);
			defaultConfigurationIsVisible = 0;
			defaultConfigurationName = Release;
		};
		5F7319FB23B73F1500B09BDD /* Build configuration list for PBXNativeTarget "RxSwiftSignInExample" */ = {
			isa = XCConfigurationList;
			buildConfigurations = (
				5F7319FC23B73F1500B09BDD /* Debug */,
				5F7319FD23B73F1500B09BDD /* Release */,
			);
			defaultConfigurationIsVisible = 0;
			defaultConfigurationName = Release;
		};
		5F7319FE23B73F1500B09BDD /* Build configuration list for PBXNativeTarget "RxSwiftSignInExampleTests" */ = {
			isa = XCConfigurationList;
			buildConfigurations = (
				5F7319FF23B73F1500B09BDD /* Debug */,
				5F731A0023B73F1500B09BDD /* Release */,
			);
			defaultConfigurationIsVisible = 0;
			defaultConfigurationName = Release;
		};
/* End XCConfigurationList section */
	};
	rootObject = 5F7319D423B73F1300B09BDD /* Project object */;
}
